{"format_version":"1.2","terraform_version":"1.10.0","variables":{"aws_region":{"value":"us-east-1"},"certificates_config":{"value":{"admin":{"additional_tags":{"application":"admin-panel"},"domain_name":"admin.linuxeros.co","key_algorithm":"RSA_2048","subject_alternative_names":["admin-dev.linuxeros.co"],"validation_method":"DNS","validation_record_fqdns":["_a79865eb4cd1fd251e19a1b347d3d8f1.admin.linuxeros.co.","_a79865eb4cd1fd251e19a1b347d3d8f1.admin-dev.linuxeros.co."],"wait_for_validation":true},"api":{"additional_tags":{"application":"api-gateway"},"domain_name":"api.linuxeros.co","key_algorithm":"RSA_2048","subject_alternative_names":["api-dev.linuxeros.co","api-linuxeros.co"],"validation_method":"DNS","wait_for_validation":true},"portal":{"additional_tags":{"application":"customer-portal"},"domain_name":"portal.linuxeros.co","key_algorithm":"EC_prime256v1","subject_alternative_names":[],"validation_method":"DNS"},"web":{"additional_tags":{"application":"frontend"},"domain_name":"www.linuxeros.co","key_algorithm":"EC_prime256v1","subject_alternative_names":["linuxeros.co"],"validation_method":"DNS"}}},"client":{"value":"pragma"},"common_tags":{"value":{"area":"infrastructure","datatype":"operational","environment":"dev","owner":"cloudops","project":"dataplatform","provisioned":"terraform"}},"environment":{"value":"dev"},"profile":{"value":"pra_chaptercloudops_lab"},"project":{"value":"api"}},"planned_values":{"outputs":{"certificate_arns":{"sensitive":false},"certificate_domains":{"sensitive":false,"type":["object",{"admin":"string","api":"string","portal":"string","web":"string"}],"value":{"admin":"admin.linuxeros.co","api":"api.linuxeros.co","portal":"portal.linuxeros.co","web":"www.linuxeros.co"}},"certificate_validation_options":{"sensitive":false},"dns_validation_records":{"sensitive":false},"validation_instructions":{"sensitive":false}},"root_module":{"child_modules":[{"resources":[{"address":"module.acm.aws_acm_certificate.certificate[\"admin\"]","mode":"managed","type":"aws_acm_certificate","name":"certificate","index":"admin","provider_name":"registry.terraform.io/hashicorp/aws","schema_version":0,"values":{"certificate_authority_arn":null,"certificate_body":null,"certificate_chain":null,"domain_name":"admin.linuxeros.co","domain_validation_options":[{"domain_name":"admin-dev.linuxeros.co"},{"domain_name":"admin.linuxeros.co"}],"early_renewal_duration":null,"key_algorithm":"RSA_2048","private_key":null,"subject_alternative_names":["admin-dev.linuxeros.co","admin.linuxeros.co"],"tags":{"Name":"pragma-api-dev-acm-admin","application":"admin-panel"},"tags_all":{"Name":"pragma-api-dev-acm-admin","application":"admin-panel","area":"infrastructure","datatype":"operational","environment":"dev","owner":"cloudops","project":"dataplatform","provisioned":"terraform"},"validation_method":"DNS","validation_option":[]},"sensitive_values":{"domain_validation_options":[{},{}],"options":[],"private_key":true,"renewal_summary":[],"subject_alternative_names":[false,false],"tags":{},"tags_all":{},"validation_emails":[],"validation_option":[]}},{"address":"module.acm.aws_acm_certificate.certificate[\"api\"]","mode":"managed","type":"aws_acm_certificate","name":"certificate","index":"api","provider_name":"registry.terraform.io/hashicorp/aws","schema_version":0,"values":{"certificate_authority_arn":null,"certificate_body":null,"certificate_chain":null,"domain_name":"api.linuxeros.co","domain_validation_options":[{"domain_name":"api-dev.linuxeros.co"},{"domain_name":"api-linuxeros.co"},{"domain_name":"api.linuxeros.co"}],"early_renewal_duration":null,"key_algorithm":"RSA_2048","private_key":null,"subject_alternative_names":["api-dev.linuxeros.co","api-linuxeros.co","api.linuxeros.co"],"tags":{"Name":"pragma-api-dev-acm-api","application":"api-gateway"},"tags_all":{"Name":"pragma-api-dev-acm-api","application":"api-gateway","area":"infrastructure","datatype":"operational","environment":"dev","owner":"cloudops","project":"dataplatform","provisioned":"terraform"},"validation_method":"DNS","validation_option":[]},"sensitive_values":{"domain_validation_options":[{},{},{}],"options":[],"private_key":true,"renewal_summary":[],"subject_alternative_names":[false,false,false],"tags":{},"tags_all":{},"validation_emails":[],"validation_option":[]}},{"address":"module.acm.aws_acm_certificate.certificate[\"portal\"]","mode":"managed","type":"aws_acm_certificate","name":"certificate","index":"portal","provider_name":"registry.terraform.io/hashicorp/aws","schema_version":0,"values":{"certificate_authority_arn":null,"certificate_body":null,"certificate_chain":null,"domain_name":"portal.linuxeros.co","domain_validation_options":[{"domain_name":"portal.linuxeros.co"}],"early_renewal_duration":null,"key_algorithm":"EC_prime256v1","private_key":null,"subject_alternative_names":["portal.linuxeros.co"],"tags":{"Name":"pragma-api-dev-acm-portal","application":"customer-portal"},"tags_all":{"Name":"pragma-api-dev-acm-portal","application":"customer-portal","area":"infrastructure","datatype":"operational","environment":"dev","owner":"cloudops","project":"dataplatform","provisioned":"terraform"},"validation_method":"DNS","validation_option":[]},"sensitive_values":{"domain_validation_options":[{}],"options":[],"private_key":true,"renewal_summary":[],"subject_alternative_names":[false],"tags":{},"tags_all":{},"validation_emails":[],"validation_option":[]}},{"address":"module.acm.aws_acm_certificate.certificate[\"web\"]","mode":"managed","type":"aws_acm_certificate","name":"certificate","index":"web","provider_name":"registry.terraform.io/hashicorp/aws","schema_version":0,"values":{"certificate_authority_arn":null,"certificate_body":null,"certificate_chain":null,"domain_name":"www.linuxeros.co","domain_validation_options":[{"domain_name":"linuxeros.co"},{"domain_name":"www.linuxeros.co"}],"early_renewal_duration":null,"key_algorithm":"EC_prime256v1","private_key":null,"subject_alternative_names":["linuxeros.co","www.linuxeros.co"],"tags":{"Name":"pragma-api-dev-acm-web","application":"frontend"},"tags_all":{"Name":"pragma-api-dev-acm-web","application":"frontend","area":"infrastructure","datatype":"operational","environment":"dev","owner":"cloudops","project":"dataplatform","provisioned":"terraform"},"validation_method":"DNS","validation_option":[]},"sensitive_values":{"domain_validation_options":[{},{}],"options":[],"private_key":true,"renewal_summary":[],"subject_alternative_names":[false,false],"tags":{},"tags_all":{},"validation_emails":[],"validation_option":[]}},{"address":"module.acm.aws_acm_certificate_validation.validation[\"admin\"]","mode":"managed","type":"aws_acm_certificate_validation","name":"validation","index":"admin","provider_name":"registry.terraform.io/hashicorp/aws","schema_version":0,"values":{"timeouts":null,"validation_record_fqdns":["_a79865eb4cd1fd251e19a1b347d3d8f1.admin-dev.linuxeros.co.","_a79865eb4cd1fd251e19a1b347d3d8f1.admin.linuxeros.co."]},"sensitive_values":{"validation_record_fqdns":[false,false]}},{"address":"module.acm.aws_acm_certificate_validation.validation[\"api\"]","mode":"managed","type":"aws_acm_certificate_validation","name":"validation","index":"api","provider_name":"registry.terraform.io/hashicorp/aws","schema_version":0,"values":{"timeouts":null,"validation_record_fqdns":null},"sensitive_values":{}}],"address":"module.acm"}]}},"resource_changes":[{"address":"module.acm.aws_acm_certificate.certificate[\"admin\"]","module_address":"module.acm","mode":"managed","type":"aws_acm_certificate","name":"certificate","index":"admin","provider_name":"registry.terraform.io/hashicorp/aws","change":{"actions":["create"],"before":null,"after":{"certificate_authority_arn":null,"certificate_body":null,"certificate_chain":null,"domain_name":"admin.linuxeros.co","domain_validation_options":[{"domain_name":"admin-dev.linuxeros.co"},{"domain_name":"admin.linuxeros.co"}],"early_renewal_duration":null,"key_algorithm":"RSA_2048","private_key":null,"subject_alternative_names":["admin-dev.linuxeros.co","admin.linuxeros.co"],"tags":{"Name":"pragma-api-dev-acm-admin","application":"admin-panel"},"tags_all":{"Name":"pragma-api-dev-acm-admin","application":"admin-panel","area":"infrastructure","datatype":"operational","environment":"dev","owner":"cloudops","project":"dataplatform","provisioned":"terraform"},"validation_method":"DNS","validation_option":[]},"after_unknown":{"arn":true,"domain_validation_options":[{"resource_record_name":true,"resource_record_type":true,"resource_record_value":true},{"resource_record_name":true,"resource_record_type":true,"resource_record_value":true}],"id":true,"not_after":true,"not_before":true,"options":true,"pending_renewal":true,"renewal_eligibility":true,"renewal_summary":true,"status":true,"subject_alternative_names":[false,false],"tags":{},"tags_all":{},"type":true,"validation_emails":true,"validation_option":[]},"before_sensitive":false,"after_sensitive":{"domain_validation_options":[{},{}],"options":[],"private_key":true,"renewal_summary":[],"subject_alternative_names":[false,false],"tags":{},"tags_all":{},"validation_emails":[],"validation_option":[]}}},{"address":"module.acm.aws_acm_certificate.certificate[\"api\"]","module_address":"module.acm","mode":"managed","type":"aws_acm_certificate","name":"certificate","index":"api","provider_name":"registry.terraform.io/hashicorp/aws","change":{"actions":["create"],"before":null,"after":{"certificate_authority_arn":null,"certificate_body":null,"certificate_chain":null,"domain_name":"api.linuxeros.co","domain_validation_options":[{"domain_name":"api-dev.linuxeros.co"},{"domain_name":"api-linuxeros.co"},{"domain_name":"api.linuxeros.co"}],"early_renewal_duration":null,"key_algorithm":"RSA_2048","private_key":null,"subject_alternative_names":["api-dev.linuxeros.co","api-linuxeros.co","api.linuxeros.co"],"tags":{"Name":"pragma-api-dev-acm-api","application":"api-gateway"},"tags_all":{"Name":"pragma-api-dev-acm-api","application":"api-gateway","area":"infrastructure","datatype":"operational","environment":"dev","owner":"cloudops","project":"dataplatform","provisioned":"terraform"},"validation_method":"DNS","validation_option":[]},"after_unknown":{"arn":true,"domain_validation_options":[{"resource_record_name":true,"resource_record_type":true,"resource_record_value":true},{"resource_record_name":true,"resource_record_type":true,"resource_record_value":true},{"resource_record_name":true,"resource_record_type":true,"resource_record_value":true}],"id":true,"not_after":true,"not_before":true,"options":true,"pending_renewal":true,"renewal_eligibility":true,"renewal_summary":true,"status":true,"subject_alternative_names":[false,false,false],"tags":{},"tags_all":{},"type":true,"validation_emails":true,"validation_option":[]},"before_sensitive":false,"after_sensitive":{"domain_validation_options":[{},{},{}],"options":[],"private_key":true,"renewal_summary":[],"subject_alternative_names":[false,false,false],"tags":{},"tags_all":{},"validation_emails":[],"validation_option":[]}}},{"address":"module.acm.aws_acm_certificate.certificate[\"portal\"]","module_address":"module.acm","mode":"managed","type":"aws_acm_certificate","name":"certificate","index":"portal","provider_name":"registry.terraform.io/hashicorp/aws","change":{"actions":["create"],"before":null,"after":{"certificate_authority_arn":null,"certificate_body":null,"certificate_chain":null,"domain_name":"portal.linuxeros.co","domain_validation_options":[{"domain_name":"portal.linuxeros.co"}],"early_renewal_duration":null,"key_algorithm":"EC_prime256v1","private_key":null,"subject_alternative_names":["portal.linuxeros.co"],"tags":{"Name":"pragma-api-dev-acm-portal","application":"customer-portal"},"tags_all":{"Name":"pragma-api-dev-acm-portal","application":"customer-portal","area":"infrastructure","datatype":"operational","environment":"dev","owner":"cloudops","project":"dataplatform","provisioned":"terraform"},"validation_method":"DNS","validation_option":[]},"after_unknown":{"arn":true,"domain_validation_options":[{"resource_record_name":true,"resource_record_type":true,"resource_record_value":true}],"id":true,"not_after":true,"not_before":true,"options":true,"pending_renewal":true,"renewal_eligibility":true,"renewal_summary":true,"status":true,"subject_alternative_names":[false],"tags":{},"tags_all":{},"type":true,"validation_emails":true,"validation_option":[]},"before_sensitive":false,"after_sensitive":{"domain_validation_options":[{}],"options":[],"private_key":true,"renewal_summary":[],"subject_alternative_names":[false],"tags":{},"tags_all":{},"validation_emails":[],"validation_option":[]}}},{"address":"module.acm.aws_acm_certificate.certificate[\"web\"]","module_address":"module.acm","mode":"managed","type":"aws_acm_certificate","name":"certificate","index":"web","provider_name":"registry.terraform.io/hashicorp/aws","change":{"actions":["create"],"before":null,"after":{"certificate_authority_arn":null,"certificate_body":null,"certificate_chain":null,"domain_name":"www.linuxeros.co","domain_validation_options":[{"domain_name":"linuxeros.co"},{"domain_name":"www.linuxeros.co"}],"early_renewal_duration":null,"key_algorithm":"EC_prime256v1","private_key":null,"subject_alternative_names":["linuxeros.co","www.linuxeros.co"],"tags":{"Name":"pragma-api-dev-acm-web","application":"frontend"},"tags_all":{"Name":"pragma-api-dev-acm-web","application":"frontend","area":"infrastructure","datatype":"operational","environment":"dev","owner":"cloudops","project":"dataplatform","provisioned":"terraform"},"validation_method":"DNS","validation_option":[]},"after_unknown":{"arn":true,"domain_validation_options":[{"resource_record_name":true,"resource_record_type":true,"resource_record_value":true},{"resource_record_name":true,"resource_record_type":true,"resource_record_value":true}],"id":true,"not_after":true,"not_before":true,"options":true,"pending_renewal":true,"renewal_eligibility":true,"renewal_summary":true,"status":true,"subject_alternative_names":[false,false],"tags":{},"tags_all":{},"type":true,"validation_emails":true,"validation_option":[]},"before_sensitive":false,"after_sensitive":{"domain_validation_options":[{},{}],"options":[],"private_key":true,"renewal_summary":[],"subject_alternative_names":[false,false],"tags":{},"tags_all":{},"validation_emails":[],"validation_option":[]}}},{"address":"module.acm.aws_acm_certificate_validation.validation[\"admin\"]","module_address":"module.acm","mode":"managed","type":"aws_acm_certificate_validation","name":"validation","index":"admin","provider_name":"registry.terraform.io/hashicorp/aws","change":{"actions":["create"],"before":null,"after":{"timeouts":null,"validation_record_fqdns":["_a79865eb4cd1fd251e19a1b347d3d8f1.admin-dev.linuxeros.co.","_a79865eb4cd1fd251e19a1b347d3d8f1.admin.linuxeros.co."]},"after_unknown":{"certificate_arn":true,"id":true,"validation_record_fqdns":[false,false]},"before_sensitive":false,"after_sensitive":{"validation_record_fqdns":[false,false]}}},{"address":"module.acm.aws_acm_certificate_validation.validation[\"api\"]","module_address":"module.acm","mode":"managed","type":"aws_acm_certificate_validation","name":"validation","index":"api","provider_name":"registry.terraform.io/hashicorp/aws","change":{"actions":["create"],"before":null,"after":{"timeouts":null,"validation_record_fqdns":null},"after_unknown":{"certificate_arn":true,"id":true},"before_sensitive":false,"after_sensitive":{}}}],"output_changes":{"certificate_arns":{"actions":["create"],"before":null,"after":{},"after_unknown":{"admin":true,"api":true,"portal":true,"web":true},"before_sensitive":false,"after_sensitive":false},"certificate_domains":{"actions":["create"],"before":null,"after":{"admin":"admin.linuxeros.co","api":"api.linuxeros.co","portal":"portal.linuxeros.co","web":"www.linuxeros.co"},"after_unknown":false,"before_sensitive":false,"after_sensitive":false},"certificate_validation_options":{"actions":["create"],"before":null,"after":{"admin":[{"domain_name":"admin-dev.linuxeros.co"},{"domain_name":"admin.linuxeros.co"}],"api":[{"domain_name":"api-dev.linuxeros.co"},{"domain_name":"api-linuxeros.co"},{"domain_name":"api.linuxeros.co"}],"portal":[{"domain_name":"portal.linuxeros.co"}],"web":[{"domain_name":"linuxeros.co"},{"domain_name":"www.linuxeros.co"}]},"after_unknown":{"admin":[{"resource_record_name":true,"resource_record_type":true,"resource_record_value":true},{"resource_record_name":true,"resource_record_type":true,"resource_record_value":true}],"api":[{"resource_record_name":true,"resource_record_type":true,"resource_record_value":true},{"resource_record_name":true,"resource_record_type":true,"resource_record_value":true},{"resource_record_name":true,"resource_record_type":true,"resource_record_value":true}],"portal":[{"resource_record_name":true,"resource_record_type":true,"resource_record_value":true}],"web":[{"resource_record_name":true,"resource_record_type":true,"resource_record_value":true},{"resource_record_name":true,"resource_record_type":true,"resource_record_value":true}]},"before_sensitive":false,"after_sensitive":false},"dns_validation_records":{"actions":["create"],"before":null,"after":{"admin":[{"domain":"admin-dev.linuxeros.co"},{"domain":"admin.linuxeros.co"}],"api":[{"domain":"api-dev.linuxeros.co"},{"domain":"api-linuxeros.co"},{"domain":"api.linuxeros.co"}],"portal":[{"domain":"portal.linuxeros.co"}],"web":[{"domain":"linuxeros.co"},{"domain":"www.linuxeros.co"}]},"after_unknown":{"admin":[{"name":true,"type":true,"value":true},{"name":true,"type":true,"value":true}],"api":[{"name":true,"type":true,"value":true},{"name":true,"type":true,"value":true},{"name":true,"type":true,"value":true}],"portal":[{"name":true,"type":true,"value":true}],"web":[{"name":true,"type":true,"value":true},{"name":true,"type":true,"value":true}]},"before_sensitive":false,"after_sensitive":false},"validation_instructions":{"actions":["create"],"before":null,"after_unknown":true,"before_sensitive":false,"after_sensitive":false}},"prior_state":{"format_version":"1.0","terraform_version":"1.10.0","values":{"outputs":{"certificate_domains":{"sensitive":false,"value":{"admin":"admin.linuxeros.co","api":"api.linuxeros.co","portal":"portal.linuxeros.co","web":"www.linuxeros.co"},"type":["object",{"admin":"string","api":"string","portal":"string","web":"string"}]}},"root_module":{"resources":[{"address":"data.aws_caller_identity.current","mode":"data","type":"aws_caller_identity","name":"current","provider_name":"registry.terraform.io/hashicorp/aws","schema_version":0,"values":{"account_id":"840021737375","arn":"arn:aws:sts::840021737375:assumed-role/AWSReservedSSO_AWSAdministratorAccess_88a14f25a5ee3f98/felipe.arciniegas","id":"840021737375","user_id":"AROA4HFJSP6P4TGJM3BON:felipe.arciniegas"},"sensitive_values":{}},{"address":"data.aws_region.current","mode":"data","type":"aws_region","name":"current","provider_name":"registry.terraform.io/hashicorp/aws","schema_version":0,"values":{"description":"US East (N. Virginia)","endpoint":"ec2.us-east-1.amazonaws.com","id":"us-east-1","name":"us-east-1"},"sensitive_values":{}}],"child_modules":[{"resources":[{"address":"module.acm.data.aws_caller_identity.current","mode":"data","type":"aws_caller_identity","name":"current","provider_name":"registry.terraform.io/hashicorp/aws","schema_version":0,"values":{"account_id":"840021737375","arn":"arn:aws:sts::840021737375:assumed-role/AWSReservedSSO_AWSAdministratorAccess_88a14f25a5ee3f98/felipe.arciniegas","id":"840021737375","user_id":"AROA4HFJSP6P4TGJM3BON:felipe.arciniegas"},"sensitive_values":{}},{"address":"module.acm.data.aws_region.current","mode":"data","type":"aws_region","name":"current","provider_name":"registry.terraform.io/hashicorp/aws","schema_version":0,"values":{"description":"US East (N. Virginia)","endpoint":"ec2.us-east-1.amazonaws.com","id":"us-east-1","name":"us-east-1"},"sensitive_values":{}}],"address":"module.acm"}]}}},"configuration":{"provider_config":{"aws":{"name":"aws","full_name":"registry.terraform.io/hashicorp/aws","version_constraint":"\u003e= 4.31.0"},"aws.principal":{"name":"aws","full_name":"registry.terraform.io/hashicorp/aws","alias":"principal","version_constraint":"\u003e= 4.31.0","expressions":{"default_tags":[{"tags":{"references":["var.common_tags"]}}],"profile":{"references":["var.profile"]},"region":{"references":["var.aws_region"]}}}},"root_module":{"outputs":{"certificate_arns":{"expression":{"references":["module.acm.certificate_arns","module.acm"]},"description":"ARNs de los certificados creados"},"certificate_domains":{"expression":{"references":["module.acm.certificate_domains","module.acm"]},"description":"Dominios principales de los certificados creados"},"certificate_validation_options":{"expression":{"references":["module.acm.certificate_validation_options","module.acm"]},"description":"Opciones de validación para los certificados creados"},"dns_validation_records":{"expression":{"references":["module.acm.dns_validation_records","module.acm"]},"description":"Registros DNS necesarios para la validación (solo para certificados con validación DNS)"},"validation_instructions":{"expression":{"references":["module.acm.dns_validation_records","module.acm"]},"description":"Instrucciones para validar los certificados"}},"resources":[{"address":"data.aws_caller_identity.current","mode":"data","type":"aws_caller_identity","name":"current","provider_config_key":"aws.principal","schema_version":0},{"address":"data.aws_region.current","mode":"data","type":"aws_region","name":"current","provider_config_key":"aws.principal","schema_version":0}],"module_calls":{"acm":{"source":"../","expressions":{"certificates_config":{"references":["var.certificates_config"]},"client":{"references":["var.client"]},"environment":{"references":["var.environment"]},"project":{"references":["var.project"]}},"module":{"outputs":{"certificate_arns":{"expression":{"references":["aws_acm_certificate.certificate"]},"description":"ARNs de los certificados creados"},"certificate_domains":{"expression":{"references":["aws_acm_certificate.certificate"]},"description":"Dominios principales de los certificados creados"},"certificate_status":{"expression":{"references":["aws_acm_certificate.certificate"]},"description":"Estado de los certificados creados"},"certificate_validation_options":{"expression":{"references":["aws_acm_certificate.certificate"]},"description":"Opciones de validación para los certificados creados"},"dns_validation_records":{"expression":{"references":["aws_acm_certificate.certificate"]},"description":"Registros DNS necesarios para la validación (solo para certificados con validación DNS)"}},"resources":[{"address":"aws_acm_certificate.certificate","mode":"managed","type":"aws_acm_certificate","name":"certificate","provider_config_key":"aws.principal","expressions":{"domain_name":{"references":["each.value.domain_name","each.value"]},"key_algorithm":{"references":["each.value.key_algorithm","each.value"]},"subject_alternative_names":{"references":["each.value.subject_alternative_names","each.value"]},"tags":{"references":["local.certificate_names","each.key","each.value.additional_tags","each.value"]},"validation_method":{"references":["each.value.validation_method","each.value"]}},"schema_version":0,"for_each_expression":{"references":["var.certificates_config"]}},{"address":"aws_acm_certificate_validation.validation","mode":"managed","type":"aws_acm_certificate_validation","name":"validation","provider_config_key":"aws.principal","expressions":{"certificate_arn":{"references":["aws_acm_certificate.certificate","each.key"]},"validation_record_fqdns":{"references":["each.value.validation_record_fqdns","each.value"]}},"schema_version":0,"for_each_expression":{"references":["var.certificates_config"]}},{"address":"data.aws_caller_identity.current","mode":"data","type":"aws_caller_identity","name":"current","provider_config_key":"aws.principal","schema_version":0},{"address":"data.aws_region.current","mode":"data","type":"aws_region","name":"current","provider_config_key":"aws.principal","schema_version":0}],"variables":{"certificates_config":{"description":"Configuración de certificados en AWS Certificate Manager"},"client":{"description":"Identificador del cliente"},"environment":{"description":"Entorno en el que se desplegarán los certificados (dev, qa, pdn)"},"project":{"description":"Nombre del proyecto asociado a los certificados"}}}}},"variables":{"aws_region":{"description":"Región de AWS donde se desplegarán los recursos"},"certificates_config":{"description":"Configuración de certificados en AWS Certificate Manager"},"client":{"description":"Identificador del cliente"},"common_tags":{"description":"Common tags to be applied to the resources"},"environment":{"description":"Entorno en el que se desplegarán los certificados (dev, qa, pdn)"},"profile":{"default":"default","description":"Perfil de AWS a utilizar"},"project":{"description":"Nombre del proyecto asociado a los certificados"}}}},"relevant_attributes":[{"resource":"module.acm.aws_acm_certificate.certificate","attribute":[]}],"checks":[{"address":{"kind":"var","module":"module.acm","name":"certificates_config","to_display":"module.acm.var.certificates_config"},"status":"pass","instances":[{"address":{"module":"module.acm","to_display":"module.acm.var.certificates_config"},"status":"pass"}]},{"address":{"kind":"var","module":"module.acm","name":"client","to_display":"module.acm.var.client"},"status":"pass","instances":[{"address":{"module":"module.acm","to_display":"module.acm.var.client"},"status":"pass"}]},{"address":{"kind":"var","module":"module.acm","name":"environment","to_display":"module.acm.var.environment"},"status":"pass","instances":[{"address":{"module":"module.acm","to_display":"module.acm.var.environment"},"status":"pass"}]},{"address":{"kind":"var","module":"module.acm","name":"project","to_display":"module.acm.var.project"},"status":"pass","instances":[{"address":{"module":"module.acm","to_display":"module.acm.var.project"},"status":"pass"}]},{"address":{"kind":"var","name":"environment","to_display":"var.environment"},"status":"pass","instances":[{"address":{"to_display":"var.environment"},"status":"pass"}]}],"timestamp":"2025-05-19T19:30:25Z","applyable":true,"complete":true,"errored":false}
